
Microsoft Visual Studio Solution File, Format Version 12.00
# Visual Studio 15
VisualStudioVersion = 15.0.27428.2027
MinimumVisualStudioVersion = 10.0.40219.1
Project("{FAE04EC0-301F-11D3-BF4B-00C04F79EFBC}") = "DogeBeats", "DogeBeatsCore\DogeBeats.csproj", "{75C264D1-9294-4B4A-9B76-75514C9E8826}"
EndProject
Project("{FAE04EC0-301F-11D3-BF4B-00C04F79EFBC}") = "DogeBeatsTests", "DogeBeatsTests\DogeBeatsTests.csproj", "{28E9C9BA-E096-436B-BB73-387611EA3243}"
EndProject
Global
	GlobalSection(SolutionConfigurationPlatforms) = preSolution
		Debug|Any CPU = Debug|Any CPU
		Release|Any CPU = Release|Any CPU
	EndGlobalSection
	GlobalSection(ProjectConfigurationPlatforms) = postSolution
		{75C264D1-9294-4B4A-9B76-75514C9E8826}.Debug|Any CPU.ActiveCfg = Debug|Any CPU
		{75C264D1-9294-4B4A-9B76-75514C9E8826}.Debug|Any CPU.Build.0 = Debug|Any CPU
		{75C264D1-9294-4B4A-9B76-75514C9E8826}.Release|Any CPU.ActiveCfg = Release|Any CPU
		{75C264D1-9294-4B4A-9B76-75514C9E8826}.Release|Any CPU.Build.0 = Release|Any CPU
		{28E9C9BA-E096-436B-BB73-387611EA3243}.Debug|Any CPU.ActiveCfg = Debug|Any CPU
		{28E9C9BA-E096-436B-BB73-387611EA3243}.Debug|Any CPU.Build.0 = Debug|Any CPU
		{28E9C9BA-E096-436B-BB73-387611EA3243}.Release|Any CPU.ActiveCfg = Release|Any CPU
		{28E9C9BA-E096-436B-BB73-387611EA3243}.Release|Any CPU.Build.0 = Release|Any CPU
	EndGlobalSection
	GlobalSection(SolutionProperties) = preSolution
		HideSolutionNode = FALSE
	EndGlobalSection
	GlobalSection(ExtensibilityGlobals) = postSolution
		SolutionGuid = {1A7A9B67-D88D-453D-A7DC-7023F81CDC86}
	EndGlobalSection
EndGlobal
